
Microsoft Visual Studio Solution File, Format Version 12.00
# Visual Studio Version 16
VisualStudioVersion = 16.0.33027.164
MinimumVisualStudioVersion = 10.0.40219.1
Project("{9A19103F-16F7-4668-BE54-9A1E7A4F7556}") = "Cobilas.CLI.Manager", "CLIManager\Cobilas.CLI.Manager.csproj", "{0A384D7F-FB88-410A-88EB-5C20EBC80CFC}"
EndProject
Project("{9A19103F-16F7-4668-BE54-9A1E7A4F7556}") = "TDS_CLIManager", "TDS_CLIManager\TDS_CLIManager.csproj", "{F281514A-E3FB-476C-A2A6-6EA6AE03834D}"
EndProject
Global
	GlobalSection(SolutionConfigurationPlatforms) = preSolution
		Debug|Any CPU = Debug|Any CPU
		Release|Any CPU = Release|Any CPU
	EndGlobalSection
	GlobalSection(ProjectConfigurationPlatforms) = postSolution
		{0A384D7F-FB88-410A-88EB-5C20EBC80CFC}.Debug|Any CPU.ActiveCfg = Debug|Any CPU
		{0A384D7F-FB88-410A-88EB-5C20EBC80CFC}.Debug|Any CPU.Build.0 = Debug|Any CPU
		{0A384D7F-FB88-410A-88EB-5C20EBC80CFC}.Release|Any CPU.ActiveCfg = Release|Any CPU
		{0A384D7F-FB88-410A-88EB-5C20EBC80CFC}.Release|Any CPU.Build.0 = Release|Any CPU
		{F281514A-E3FB-476C-A2A6-6EA6AE03834D}.Debug|Any CPU.ActiveCfg = Debug|Any CPU
		{F281514A-E3FB-476C-A2A6-6EA6AE03834D}.Debug|Any CPU.Build.0 = Debug|Any CPU
		{F281514A-E3FB-476C-A2A6-6EA6AE03834D}.Release|Any CPU.ActiveCfg = Release|Any CPU
		{F281514A-E3FB-476C-A2A6-6EA6AE03834D}.Release|Any CPU.Build.0 = Release|Any CPU
	EndGlobalSection
	GlobalSection(SolutionProperties) = preSolution
		HideSolutionNode = FALSE
	EndGlobalSection
	GlobalSection(ExtensibilityGlobals) = postSolution
		SolutionGuid = {FD46A954-710F-499C-9412-04575289B6B0}
	EndGlobalSection
EndGlobal
